# This file is automatically @generated by Cargo.
# It is not intended for manual editing.
[[package]]
name = "ast"
version = "0.1.0"
dependencies = [
 "typed-arena",
]

[[package]]
name = "benchmark"
version = "0.1.0"
dependencies = [
 "ast",
 "lexer",
 "parser",
 "span",
]

[[package]]
name = "bit-set"
version = "0.5.1"
source = "registry+https://github.com/rust-lang/crates.io-index"
checksum = "e84c238982c4b1e1ee668d136c510c67a13465279c0cb367ea6baf6310620a80"
dependencies = [
 "bit-vec",
]

[[package]]
name = "bit-vec"
version = "0.5.1"
source = "registry+https://github.com/rust-lang/crates.io-index"
checksum = "f59bbe95d4e52a6398ec21238d31577f2b28a9d86807f06ca59d191d8440d0bb"

[[package]]
name = "errors"
version = "0.1.0"
dependencies = [
 "span",
]

[[package]]
name = "lazy_static"
version = "1.4.0"
source = "registry+https://github.com/rust-lang/crates.io-index"
checksum = "e2abad23fbc42b3700f2f279844dc832adb2b2eb069b2df918f455c4e18cc646"

[[package]]
name = "lexer"
version = "0.1.0"
dependencies = [
 "errors",
 "span",
]

[[package]]
name = "parser"
version = "0.1.0"
dependencies = [
 "ast",
 "bit-set",
 "errors",
 "lazy_static",
 "lexer",
 "span",
]

[[package]]
name = "span"
version = "0.1.0"

[[package]]
name = "typed-arena"
version = "2.0.1"
source = "registry+https://github.com/rust-lang/crates.io-index"
checksum = "0685c84d5d54d1c26f7d3eb96cd41550adb97baed141a761cf335d3d33bcd0ae"
